
Microsoft Visual Studio Solution File, Format Version 12.00
# Visual Studio 15
VisualStudioVersion = 15.0.28307.1705
MinimumVisualStudioVersion = 10.0.40219.1
Project("{FAE04EC0-301F-11D3-BF4B-00C04F79EFBC}") = "RentalKendaraan", "RentalKendaraan\RentalKendaraan.csproj", "{3A684D3A-E79D-46C4-AE7B-E174A1EE3111}"
EndProject
Global
	GlobalSection(SolutionConfigurationPlatforms) = preSolution
		Debug|Any CPU = Debug|Any CPU
		Release|Any CPU = Release|Any CPU
	EndGlobalSection
	GlobalSection(ProjectConfigurationPlatforms) = postSolution
		{3A684D3A-E79D-46C4-AE7B-E174A1EE3111}.Debug|Any CPU.ActiveCfg = Debug|Any CPU
		{3A684D3A-E79D-46C4-AE7B-E174A1EE3111}.Debug|Any CPU.Build.0 = Debug|Any CPU
		{3A684D3A-E79D-46C4-AE7B-E174A1EE3111}.Release|Any CPU.ActiveCfg = Release|Any CPU
		{3A684D3A-E79D-46C4-AE7B-E174A1EE3111}.Release|Any CPU.Build.0 = Release|Any CPU
	EndGlobalSection
	GlobalSection(SolutionProperties) = preSolution
		HideSolutionNode = FALSE
	EndGlobalSection
	GlobalSection(ExtensibilityGlobals) = postSolution
		SolutionGuid = {E7DA475F-4D48-4706-9BF7-EE10A120E083}
	EndGlobalSection
EndGlobal
